
Microsoft Visual Studio Solution File, Format Version 12.00
# Visual Studio Version 16
VisualStudioVersion = 16.0.30611.23
MinimumVisualStudioVersion = 10.0.40219.1
Project("{FAE04EC0-301F-11D3-BF4B-00C04F79EFBC}") = "Bowling.Domain", "Bowling.Domain.csproj", "{B818043B-630E-4967-A29E-8E54E686AF43}"
EndProject
Project("{FAE04EC0-301F-11D3-BF4B-00C04F79EFBC}") = "Bowling.Test", "..\Bowling.Test\Bowling.Test.csproj", "{33225CC1-9F57-4F3C-AE2B-176A6F40C814}"
EndProject
Global
	GlobalSection(SolutionConfigurationPlatforms) = preSolution
		Debug|Any CPU = Debug|Any CPU
		Release|Any CPU = Release|Any CPU
	EndGlobalSection
	GlobalSection(ProjectConfigurationPlatforms) = postSolution
		{B818043B-630E-4967-A29E-8E54E686AF43}.Debug|Any CPU.ActiveCfg = Debug|Any CPU
		{B818043B-630E-4967-A29E-8E54E686AF43}.Debug|Any CPU.Build.0 = Debug|Any CPU
		{B818043B-630E-4967-A29E-8E54E686AF43}.Release|Any CPU.ActiveCfg = Release|Any CPU
		{B818043B-630E-4967-A29E-8E54E686AF43}.Release|Any CPU.Build.0 = Release|Any CPU
		{33225CC1-9F57-4F3C-AE2B-176A6F40C814}.Debug|Any CPU.ActiveCfg = Debug|Any CPU
		{33225CC1-9F57-4F3C-AE2B-176A6F40C814}.Debug|Any CPU.Build.0 = Debug|Any CPU
		{33225CC1-9F57-4F3C-AE2B-176A6F40C814}.Release|Any CPU.ActiveCfg = Release|Any CPU
		{33225CC1-9F57-4F3C-AE2B-176A6F40C814}.Release|Any CPU.Build.0 = Release|Any CPU
	EndGlobalSection
	GlobalSection(SolutionProperties) = preSolution
		HideSolutionNode = FALSE
	EndGlobalSection
	GlobalSection(ExtensibilityGlobals) = postSolution
		SolutionGuid = {960810B4-CFB8-47E0-8CF2-552C32AD87FE}
	EndGlobalSection
EndGlobal
